hash: 0bcdbc4973c59b13f3b9f3faad17f05ff098f420f7ffc53c903e96491e17da2c
updated: 2017-06-21T14:15:28.38595652-07:00
imports:
- name: github.com/cactus/go-statsd-client
  version: 91c326c3f7bd20f0226d3d1c289dd9f8ce28d33d
  subpackages:
  - statsd
- name: github.com/crunchyroll/evs-common
  version: 6a7a36a07b657fd71b1b25c19f5b3cddaa683310
  subpackages:
  - config
  - logging
  - newrelic
  - util
- name: github.com/crunchyroll/evs-playback-api
  version: ab76a44a661eefe32f82b2ebfb3a862b27ed3e4f
- name: github.com/crunchyroll/go-aws-auth
  version: 6d1794bd97a6eb9c5dd480ed627665e8d205fa6d
- name: github.com/newrelic/go-agent
  version: 7d12ae2201fc160e486197614a6f65afcf3f8170
  subpackages:
  - internal
  - internal/logger
  - internal/utilization
  - internal/jsonx
  - internal/sysinfo
- name: gopkg.in/yaml.v2
  version: a5b47d31c556af34a302ce5d659e6fea44d90de0
testImports: []
