# This file is autogenerated, do not edit; changes may be undone by the next 'dep ensure'.


[[projects]]
  digest = "1:d5f97fc268267ec1b61c3453058c738246fc3e746f14b1ae25161513b7367b0c"
  name = "github.com/gorilla/mux"
  packages = ["."]
  pruneopts = "UT"
  revision = "c5c6c98bc25355028a63748a498942a6398ccd22"
  version = "v1.7.1"

[[projects]]
  branch = "master"
  digest = "1:59392ed8afb901aab4287d4894df8191722e34f3957716f4350c8c133ce99046"
  name = "github.com/hpcloud/tail"
  packages = [
    ".",
    "ratelimiter",
    "util",
    "watch",
    "winfile",
  ]
  pruneopts = "UT"
  revision = "a1dbeea552b7c8df4b542c66073e393de198a800"

[[projects]]
  digest = "1:31e761d97c76151dde79e9d28964a812c46efc5baee4085b86f68f0c654450de"
  name = "github.com/konsorten/go-windows-terminal-sequences"
  packages = ["."]
  pruneopts = "UT"
  revision = "f55edac94c9bbba5d6182a4be46d86a2c9b5b50e"
  version = "v1.0.2"

[[projects]]
  digest = "1:a12c55d956971fd75c9ad031c1fdf87967ae06c2edf78a0cba6c007bcd0b08f7"
  name = "github.com/newrelic/go-agent"
  packages = [
    ".",
    "_integrations/nrgorilla/v1",
    "internal",
    "internal/cat",
    "internal/jsonx",
    "internal/logger",
    "internal/racedetector",
    "internal/sysinfo",
    "internal/utilization",
  ]
  pruneopts = "UT"
  revision = "5adc3b70de72198b5e21a6a811891309a0dcfba4"
  version = "v2.7.0"

[[projects]]
  digest = "1:e9c3bb68a6c9470302b8046d4647e0612a2ea6037b9c6a47de60c0a90db504f8"
  name = "github.com/onsi/ginkgo"
  packages = [
    ".",
    "config",
    "internal/codelocation",
    "internal/containernode",
    "internal/failer",
    "internal/leafnodes",
    "internal/remote",
    "internal/spec",
    "internal/spec_iterator",
    "internal/specrunner",
    "internal/suite",
    "internal/testingtproxy",
    "internal/writer",
    "reporters",
    "reporters/stenographer",
    "reporters/stenographer/support/go-colorable",
    "reporters/stenographer/support/go-isatty",
    "types",
  ]
  pruneopts = "UT"
  revision = "eea6ad008b96acdaa524f5b409513bf062b500ad"
  version = "v1.8.0"

[[projects]]
  digest = "1:fe167e8f858cbfc10c721f2000f2446140800bb53fa83c088e03d191275611a4"
  name = "github.com/onsi/gomega"
  packages = [
    ".",
    "format",
    "internal/assertion",
    "internal/asyncassertion",
    "internal/oraclematcher",
    "internal/testingtsupport",
    "matchers",
    "matchers/support/goraph/bipartitegraph",
    "matchers/support/goraph/edge",
    "matchers/support/goraph/node",
    "matchers/support/goraph/util",
    "types",
  ]
  pruneopts = "UT"
  revision = "90e289841c1ed79b7a598a7cd9959750cb5e89e2"
  version = "v1.5.0"

[[projects]]
  digest = "1:fd61cf4ae1953d55df708acb6b91492d538f49c305b364a014049914495db426"
  name = "github.com/sirupsen/logrus"
  packages = ["."]
  pruneopts = "UT"
  revision = "8bdbc7bcc01dcbb8ec23dc8a28e332258d25251f"
  version = "v1.4.1"

[[projects]]
  branch = "master"
  digest = "1:a167b5c532f3245f5a147ade26185f16d6ee8f8d3f6c9846f447e9d8b9705505"
  name = "golang.org/x/net"
  packages = [
    "html",
    "html/atom",
    "html/charset",
  ]
  pruneopts = "UT"
  revision = "9ce7a6920f093fc0b908c4a5f66ae049110f417e"

[[projects]]
  branch = "master"
  digest = "1:dcd2e9de31e20e01b156288ce4fc239498564295bdbb59d8aaf591af94778162"
  name = "golang.org/x/sys"
  packages = ["unix"]
  pruneopts = "UT"
  revision = "d89cdac9e8725f2aefce25fcbfef41134c9ad412"

[[projects]]
  digest = "1:8a0baffd5559acaa560f854d7d525c02f4fec2d4f8a214398556fb661a10f6e0"
  name = "golang.org/x/text"
  packages = [
    "encoding",
    "encoding/charmap",
    "encoding/htmlindex",
    "encoding/internal",
    "encoding/internal/identifier",
    "encoding/japanese",
    "encoding/korean",
    "encoding/simplifiedchinese",
    "encoding/traditionalchinese",
    "encoding/unicode",
    "internal/gen",
    "internal/language",
    "internal/language/compact",
    "internal/tag",
    "internal/utf8internal",
    "language",
    "runes",
    "transform",
    "unicode/cldr",
  ]
  pruneopts = "UT"
  revision = "342b2e1fbaa52c93f31447ad2c6abc048c63e475"
  version = "v0.3.2"

[[projects]]
  digest = "1:abeb38ade3f32a92943e5be54f55ed6d6e3b6602761d74b4aab4c9dd45c18abd"
  name = "gopkg.in/fsnotify/fsnotify.v1"
  packages = ["."]
  pruneopts = "UT"
  revision = "c2828203cd70a50dcccfb2761f8b1f8ceef9a8e9"
  version = "v1.4.7"

[[projects]]
  digest = "1:3c839a777de0e6da035c9de900b60cbec463b0a89351192c1ea083eaf9e0fce0"
  name = "gopkg.in/tomb.v1"
  packages = ["."]
  pruneopts = "UT"
  revision = "c131134a1947e9afd9cecfe11f4c6dff0732ae58"

[[projects]]
  digest = "1:4d2e5a73dc1500038e504a8d78b986630e3626dc027bc030ba5c75da257cdb96"
  name = "gopkg.in/yaml.v2"
  packages = ["."]
  pruneopts = "UT"
  revision = "51d6538a90f86fe93ac480b35f37b2be17fef232"
  version = "v2.2.2"

[solve-meta]
  analyzer-name = "dep"
  analyzer-version = 1
  input-imports = [
    "github.com/gorilla/mux",
    "github.com/newrelic/go-agent",
    "github.com/newrelic/go-agent/_integrations/nrgorilla/v1",
    "github.com/onsi/ginkgo",
    "github.com/onsi/gomega",
    "github.com/sirupsen/logrus",
    "gopkg.in/yaml.v2",
  ]
  solver-name = "gps-cdcl"
  solver-version = 1
