# This file is autogenerated, do not edit; changes may be undone by the next 'dep ensure'.


[[projects]]
  name = "github.com/cactus/go-statsd-client"
  packages = ["statsd"]
  revision = "91c326c3f7bd20f0226d3d1c289dd9f8ce28d33d"
  version = "v3.1.0"

[[projects]]
  branch = "master"
  name = "github.com/crunchyroll/evs-common"
  packages = [
    "config",
    "logging",
    "newrelic",
    "util"
  ]
  revision = "6a7a36a07b657fd71b1b25c19f5b3cddaa683310"

[[projects]]
  branch = "master"
  name = "github.com/crunchyroll/go-aws-auth"
  packages = ["."]
  revision = "6d1794bd97a6eb9c5dd480ed627665e8d205fa6d"

[[projects]]
  name = "github.com/newrelic/go-agent"
  packages = [
    ".",
    "internal",
    "internal/jsonx",
    "internal/logger",
    "internal/sysinfo",
    "internal/utilization"
  ]
  revision = "7d12ae2201fc160e486197614a6f65afcf3f8170"
  version = "v1.5.0"

[[projects]]
  name = "gopkg.in/yaml.v2"
  packages = ["."]
  revision = "a5b47d31c556af34a302ce5d659e6fea44d90de0"

[solve-meta]
  analyzer-name = "dep"
  analyzer-version = 1
  inputs-digest = "ceae44ebcfc6b8f86fc677e00c7a58c2c78dd108caac7d5b8123aa6d720934f5"
  solver-name = "gps-cdcl"
  solver-version = 1
